
Microsoft Visual Studio Solution File, Format Version 12.00
# Visual Studio Version 16
VisualStudioVersion = 16.0.31702.278
MinimumVisualStudioVersion = 10.0.40219.1
Project("{FAE04EC0-301F-11D3-BF4B-00C04F79EFBC}") = "WiredBrainCoffee.StorageAppFollowAlong", "WiredBrainCoffee.StorageAppFollowAlong\WiredBrainCoffee.StorageAppFollowAlong.csproj", "{A360492F-59F8-440F-AF10-9EF2E3F0404B}"
EndProject
Global
	GlobalSection(SolutionConfigurationPlatforms) = preSolution
		Debug|Any CPU = Debug|Any CPU
		Release|Any CPU = Release|Any CPU
	EndGlobalSection
	GlobalSection(ProjectConfigurationPlatforms) = postSolution
		{A360492F-59F8-440F-AF10-9EF2E3F0404B}.Debug|Any CPU.ActiveCfg = Debug|Any CPU
		{A360492F-59F8-440F-AF10-9EF2E3F0404B}.Debug|Any CPU.Build.0 = Debug|Any CPU
		{A360492F-59F8-440F-AF10-9EF2E3F0404B}.Release|Any CPU.ActiveCfg = Release|Any CPU
		{A360492F-59F8-440F-AF10-9EF2E3F0404B}.Release|Any CPU.Build.0 = Release|Any CPU
	EndGlobalSection
	GlobalSection(SolutionProperties) = preSolution
		HideSolutionNode = FALSE
	EndGlobalSection
	GlobalSection(ExtensibilityGlobals) = postSolution
		SolutionGuid = {C42E9551-08F9-450A-8EEC-1367CFC5BA78}
	EndGlobalSection
EndGlobal
